PODS:
  - AblyRealtime (0.8.4):
    - msgpack (= 0.1.8)
    - SocketRocket (= 0.5.1)
  - GradientView (2.1.1)
  - IHKeyboardAvoiding (2.6)
  - msgpack (0.1.8)
  - SocketRocket (0.5.1)
  - SwiftWebSocket (2.6.3)

DEPENDENCIES:
  - AblyRealtime
  - GradientView
  - IHKeyboardAvoiding
  - SwiftWebSocket (from `https://github.com/tidwall/SwiftWebSocket.git`)

EXTERNAL SOURCES:
  SwiftWebSocket:
    :git: https://github.com/tidwall/SwiftWebSocket.git

CHECKOUT OPTIONS:
  SwiftWebSocket:
    :commit: 1c6c5dae5e960f1f16946241c4fac78b73832fb7
    :git: https://github.com/tidwall/SwiftWebSocket.git

SPEC CHECKSUMS:
  AblyRealtime: 1f512af9778d805f6d2700e8d19952a22128e4a3
  GradientView: 8e1295d3614a8b55f4a4b8c95529b0748d154c84
  IHKeyboardAvoiding: d2541ee56dad83e160cd9aed0468c52247af6f49
  msgpack: 97491d2ea799408f4694f2c7d7fd79baf77853dd
  SocketRocket: d57c7159b83c3c6655745cd15302aa24b6bae531
  SwiftWebSocket: 76e3ade5d716a80440dbf859b39b05d842f80d03

COCOAPODS: 0.39.0
