PODS:
  - AblyRealtime (0.8.0):
    - SwiftWebSocket (~> 2.5)
  - GradientView (2.1.0)
  - SwiftWebSocket (2.5.0)

DEPENDENCIES:
  - AblyRealtime (from `https://github.com/ably/ably-ios.git`, tag `0.8.1-swift2.1`)
  - GradientView
  - SwiftWebSocket (from `https://github.com/tidwall/SwiftWebSocket.git`, tag `2.5.0`)

EXTERNAL SOURCES:
  AblyRealtime:
    :git: https://github.com/ably/ably-ios.git
    :tag: 0.8.1-swift2.1
  SwiftWebSocket:
    :git: https://github.com/tidwall/SwiftWebSocket.git
    :tag: 2.5.0

CHECKOUT OPTIONS:
  AblyRealtime:
    :git: https://github.com/ably/ably-ios.git
    :tag: 0.8.1-swift2.1
  SwiftWebSocket:
    :git: https://github.com/tidwall/SwiftWebSocket.git
    :tag: 2.5.0

SPEC CHECKSUMS:
  AblyRealtime: 052b01520a16ef594b735581835391d3ec5ab514
  GradientView: 4a961b8e9e1787beaf6880b9fc2dd08c6345533d
  SwiftWebSocket: 168cbde980dc3b5bac925a3d8186f82b3e87768e

COCOAPODS: 0.39.0
